lockfileVersion: '9.0'

settings:
  autoInstallPeers: true
  excludeLinksFromLockfile: false

importers:

  .:
    dependencies:
      '@lenml/tokenizer-claude':
        specifier: ^3.7.2
        version: 3.7.2
      '@lenml/tokenizer-gemini':
        specifier: ^3.7.2
        version: 3.7.2
      '@lenml/tokenizer-gemma3':
        specifier: ^3.7.2
        version: 3.7.2
      '@lenml/tokenizer-llama3_2':
        specifier: ^3.7.2
        version: 3.7.2
      '@lenml/tokenizer-qwen3':
        specifier: ^3.7.2
        version: 3.7.2
      '@lenml/tokenizers':
        specifier: ^3.7.2
        version: 3.7.2
      loon-core:
        specifier: ^1.0.1
        version: 1.0.1
    devDependencies:
      '@ai-sdk/anthropic':
        specifier: ^3.0.58
        version: 3.0.79(zod@4.4.3)
      '@ai-sdk/google':
        specifier: ^3.0.43
        version: 3.0.79(zod@4.4.3)
      '@ai-sdk/openai':
        specifier: ^3.0.41
        version: 3.0.65(zod@4.4.3)
      '@ai-sdk/provider':
        specifier: ^3.0.8
        version: 3.0.10
      '@ai-sdk/xai':
        specifier: ^3.0.67
        version: 3.0.92(zod@4.4.3)
      '@anthropic-ai/tokenizer':
        specifier: ^0.0.4
        version: 0.0.4
      '@clack/prompts':
        specifier: ^1.1.0
        version: 1.4.0
      '@faker-js/faker':
        specifier: ^10.3.0
        version: 10.4.0
      '@toon-format/toon':
        specifier: ^2.1.0
        version: 2.3.0
      ai:
        specifier: ^6.0.116
        version: 6.0.191(zod@4.4.3)
      csv-parse:
        specifier: ^5.5.6
        version: 5.6.0
      csv-stringify:
        specifier: ^6.6.0
        version: 6.7.0
      fast-xml-parser:
        specifier: ^5.4.2
        version: 5.8.0
      gpt-tokenizer:
        specifier: ^3.4.0
        version: 3.4.0
      ofetch:
        specifier: ^1.5.1
        version: 1.5.1
      p-map:
        specifier: ^7.0.4
        version: 7.0.4
      p-queue:
        specifier: ^9.1.0
        version: 9.3.0
      tiktoken:
        specifier: ^1.0.22
        version: 1.0.22
      tsx:
        specifier: ^4.21.0
        version: 4.22.3
      unstorage:
        specifier: ^1.17.4
        version: 1.17.5
      yaml:
        specifier: ^2.8.2
        version: 2.9.0

packages:

  '@ai-sdk/anthropic@3.0.79':
    resolution: {integrity: sha512-saEX+h5JDOkT9P/+REKDyikbnJiToFuLipgNcsmu4Zr3GW5kW1m9HhvrPK+vj63itIOsoZU6tmVIjkrePOlIUA==}
    engines: {node: '>=18'}
    peerDependencies:
      zod: ^3.25.76 || ^4.1.8

  '@ai-sdk/gateway@3.0.120':
    resolution: {integrity: sha512-MYKAeD2q7/sa1ZdqtL2tw0Me0B8Tok6Q/fhkJDhJl39dG8u+VBlWO9yk9lcdm784bM418o1EKObo4aOxs6+18Q==}
    engines: {node: '>=18'}
    peerDependencies:
      zod: ^3.25.76 || ^4.1.8

  '@ai-sdk/google@3.0.79':
    resolution: {integrity: sha512-QWVAvYeA7JzEX2wkSyXOWv/I9PD9kvTzdykkSTLi+Eu8RyJ6gA0tdPIGa8esEtOcHE//G5vy6FTB70qQw8l/uw==}
    engines: {node: '>=18'}
    peerDependencies:
      zod: ^3.25.76 || ^4.1.8

  '@ai-sdk/openai-compatible@2.0.48':
    resolution: {integrity: sha512-z9MC6M4Oh/yUY/F/eszOtO8wc2nMz99XmZQKd2gWTtyIfe716xTfrKe3aYZKg20NZDtyjqPPKPSR+wqz7q1T7Q==}
    engines: {node: '>=18'}
    peerDependencies:
      zod: ^3.25.76 || ^4.1.8

  '@ai-sdk/openai@3.0.65':
    resolution: {integrity: sha512-ZlVoWH+zrdiYDiUt6n/xvfCsk33mzsB81TUQkBRVx79rxU1FKZqVH9J/QCtEpSLqx0cUzjvtIw9l9p7EbUv+dw==}
    engines: {node: '>=18'}
    peerDependencies:
      zod: ^3.25.76 || ^4.1.8

  '@ai-sdk/provider-utils@4.0.27':
    resolution: {integrity: sha512-ubkAJ+xODouwtmN1tYlvTPphH1hPOBfZaEQe8U7skGvFAnIRs9PPpsq57bC2+Ky/MB4yzhd6YOsxTAx9sGpazw==}
    engines: {node: '>=18'}
    peerDependencies:
      zod: ^3.25.76 || ^4.1.8

  '@ai-sdk/provider@3.0.10':
    resolution: {integrity: sha512-Q3BZ27qfpYqnCYGvE3vt+Qi6LGOF9R5Nmzn+9JoM1lCRsD9mYaIhfJLkSunN48nfGXJ6n+XNV0J/XVpqGQl7Dw==}
    engines: {node: '>=18'}

  '@ai-sdk/xai@3.0.92':
    resolution: {integrity: sha512-yqRMdEVfSkZCXs5mqeKfYOuQElo93igwz/4zWbYkhZWAW7tDh+5uqRef6MtQVYF/bTC1EsdbeO9DtsOtAZMOLA==}
    engines: {node: '>=18'}
    peerDependencies:
      zod: ^3.25.76 || ^4.1.8

  '@anthropic-ai/tokenizer@0.0.4':
    resolution: {integrity: sha512-EHRKbxlxlc8W4KCBEseByJ7YwyYCmgu9OyN59H9+IYIGPoKv8tXyQXinkeGDI+cI8Tiuz9wk2jZb/kK7AyvL7g==}

  '@clack/core@1.3.1':
    resolution: {integrity: sha512-fT1qHVGAag4IEkrupZ6lRRbNCs1vS9P01KB/sG8zKgvUztbYtFBtQpjSITNwooDZ83tpsPzP0mRNs1/KVszCRA==}
    engines: {node: '>= 20.12.0'}

  '@clack/prompts@1.4.0':
    resolution: {integrity: sha512-S0My7XPGIgpRWMDG8uRqalbgT+a6FmCUdOW+HaIOVVpUPHOb7RrpvjTjiODadKp06fsrVDJZlIzc6yCTp4AnxA==}
    engines: {node: '>= 20.12.0'}

  '@esbuild/aix-ppc64@0.28.0':
    resolution: {integrity: sha512-lhRUCeuOyJQURhTxl4WkpFTjIsbDayJHih5kZC1giwE+MhIzAb7mEsQMqMf18rHLsrb5qI1tafG20mLxEWcWlA==}
    engines: {node: '>=18'}
    cpu: [ppc64]
    os: [aix]

  '@esbuild/android-arm64@0.28.0':
    resolution: {integrity: sha512-+WzIXQOSaGs33tLEgYPYe/yQHf0WTU0X42Jca3y8NWMbUVhp7rUnw+vAsRC/QiDrdD31IszMrZy+qwPOPjd+rw==}
    engines: {node: '>=18'}
    cpu: [arm64]
    os: [android]

  '@esbuild/android-arm@0.28.0':
    resolution: {integrity: sha512-wqh0ByljabXLKHeWXYLqoJ5jKC4XBaw6Hk08OfMrCRd2nP2ZQ5eleDZC41XHyCNgktBGYMbqnrJKq/K/lzPMSQ==}
    engines: {node: '>=18'}
    cpu: [arm]
    os: [android]

  '@esbuild/android-x64@0.28.0':
    resolution: {integrity: sha512-+VJggoaKhk2VNNqVL7f6S189UzShHC/mR9EE8rDdSkdpN0KflSwWY/gWjDrNxxisg8Fp1ZCD9jLMo4m0OUfeUA==}
    engines: {node: '>=18'}
    cpu: [x64]
    os: [android]

  '@esbuild/darwin-arm64@0.28.0':
    resolution: {integrity: sha512-0T+A9WZm+bZ84nZBtk1ckYsOvyA3x7e2Acj1KdVfV4/2tdG4fzUp91YHx+GArWLtwqp77pBXVCPn2We7Letr0Q==}
    engines: {node: '>=18'}
    cpu: [arm64]
    os: [darwin]

  '@esbuild/darwin-x64@0.28.0':
    resolution: {integrity: sha512-fyzLm/DLDl/84OCfp2f/XQ4flmORsjU7VKt8HLjvIXChJoFFOIL6pLJPH4Yhd1n1gGFF9mPwtlN5Wf82DZs+LQ==}
    engines: {node: '>=18'}
    cpu: [x64]
    os: [darwin]

  '@esbuild/freebsd-arm64@0.28.0':
    resolution: {integrity: sha512-l9GeW5UZBT9k9brBYI+0WDffcRxgHQD8ShN2Ur4xWq/NFzUKm3k5lsH4PdaRgb2w7mI9u61nr2gI2mLI27Nh3Q==}
    engines: {node: '>=18'}
    cpu: [arm64]
    os: [freebsd]

  '@esbuild/freebsd-x64@0.28.0':
    resolution: {integrity: sha512-BXoQai/A0wPO6Es3yFJ7APCiKGc1tdAEOgeTNy3SsB491S3aHn4S4r3e976eUnPdU+NbdtmBuLncYir2tMU9Nw==}
    engines: {node: '>=18'}
    cpu: [x64]
    os: [freebsd]

  '@esbuild/linux-arm64@0.28.0':
    resolution: {integrity: sha512-RVyzfb3FWsGA55n6WY0MEIEPURL1FcbhFE6BffZEMEekfCzCIMtB5yyDcFnVbTnwk+CLAgTujmV/Lgvih56W+A==}
    engines: {node: '>=18'}
    cpu: [arm64]
    os: [linux]

  '@esbuild/linux-arm@0.28.0':
    resolution: {integrity: sha512-CjaaREJagqJp7iTaNQjjidaNbCKYcd4IDkzbwwxtSvjI7NZm79qiHc8HqciMddQ6CKvJT6aBd8lO9kN/ZudLlw==}
    engines: {node: '>=18'}
    cpu: [arm]
    os: [linux]

  '@esbuild/linux-ia32@0.28.0':
    resolution: {integrity: sha512-KBnSTt1kxl9x70q+ydterVdl+Cn0H18ngRMRCEQfrbqdUuntQQ0LoMZv47uB97NljZFzY6HcfqEZ2SAyIUTQBQ==}
    engines: {node: '>=18'}
    cpu: [ia32]
    os: [linux]

  '@esbuild/linux-loong64@0.28.0':
    resolution: {integrity: sha512-zpSlUce1mnxzgBADvxKXX5sl8aYQHo2ezvMNI8I0lbblJtp8V4odlm3Yzlj7gPyt3T8ReksE6bK+pT3WD+aJRg==}
    engines: {node: '>=18'}
    cpu: [loong64]
    os: [linux]

  '@esbuild/linux-mips64el@0.28.0':
    resolution: {integrity: sha512-2jIfP6mmjkdmeTlsX/9vmdmhBmKADrWqN7zcdtHIeNSCH1SqIoNI63cYsjQR8J+wGa4Y5izRcSHSm8K3QWmk3w==}
    engines: {node: '>=18'}
    cpu: [mips64el]
    os: [linux]

  '@esbuild/linux-ppc64@0.28.0':
    resolution: {integrity: sha512-bc0FE9wWeC0WBm49IQMPSPILRocGTQt3j5KPCA8os6VprfuJ7KD+5PzESSrJ6GmPIPJK965ZJHTUlSA6GNYEhg==}
    engines: {node: '>=18'}
    cpu: [ppc64]
    os: [linux]

  '@esbuild/linux-riscv64@0.28.0':
    resolution: {integrity: sha512-SQPZOwoTTT/HXFXQJG/vBX8sOFagGqvZyXcgLA3NhIqcBv1BJU1d46c0rGcrij2B56Z2rNiSLaZOYW5cUk7yLQ==}
    engines: {node: '>=18'}
    cpu: [riscv64]
    os: [linux]

  '@esbuild/linux-s390x@0.28.0':
    resolution: {integrity: sha512-SCfR0HN8CEEjnYnySJTd2cw0k9OHB/YFzt5zgJEwa+wL/T/raGWYMBqwDNAC6dqFKmJYZoQBRfHjgwLHGSrn3Q==}
    engines: {node: '>=18'}
    cpu: [s390x]
    os: [linux]

  '@esbuild/linux-x64@0.28.0':
    resolution: {integrity: sha512-us0dSb9iFxIi8srnpl931Nvs65it/Jd2a2K3qs7fz2WfGPHqzfzZTfec7oxZJRNPXPnNYZtanmRc4AL/JwVzHQ==}
    engines: {node: '>=18'}
    cpu: [x64]
    os: [linux]

  '@esbuild/netbsd-arm64@0.28.0':
    resolution: {integrity: sha512-CR/RYotgtCKwtftMwJlUU7xCVNg3lMYZ0RzTmAHSfLCXw3NtZtNpswLEj/Kkf6kEL3Gw+BpOekRX0BYCtklhUw==}
    engines: {node: '>=18'}
    cpu: [arm64]
    os: [netbsd]

  '@esbuild/netbsd-x64@0.28.0':
    resolution: {integrity: sha512-nU1yhmYutL+fQ71Kxnhg8uEOdC0pwEW9entHykTgEbna2pw2dkbFSMeqjjyHZoCmt8SBkOSvV+yNmm94aUrrqw==}
    engines: {node: '>=18'}
    cpu: [x64]
    os: [netbsd]

  '@esbuild/openbsd-arm64@0.28.0':
    resolution: {integrity: sha512-cXb5vApOsRsxsEl4mcZ1XY3D4DzcoMxR/nnc4IyqYs0rTI8ZKmW6kyyg+11Z8yvgMfAEldKzP7AdP64HnSC/6g==}
    engines: {node: '>=18'}
    cpu: [arm64]
    os: [openbsd]

  '@esbuild/openbsd-x64@0.28.0':
    resolution: {integrity: sha512-8wZM2qqtv9UP3mzy7HiGYNH/zjTA355mpeuA+859TyR+e+Tc08IHYpLJuMsfpDJwoLo1ikIJI8jC3GFjnRClzA==}
    engines: {node: '>=18'}
    cpu: [x64]
    os: [openbsd]

  '@esbuild/openharmony-arm64@0.28.0':
    resolution: {integrity: sha512-FLGfyizszcef5C3YtoyQDACyg95+dndv79i2EekILBofh5wpCa1KuBqOWKrEHZg3zrL3t5ouE5jgr94vA+Wb2w==}
    engines: {node: '>=18'}
    cpu: [arm64]
    os: [openharmony]

  '@esbuild/sunos-x64@0.28.0':
    resolution: {integrity: sha512-1ZgjUoEdHZZl/YlV76TSCz9Hqj9h9YmMGAgAPYd+q4SicWNX3G5GCyx9uhQWSLcbvPW8Ni7lj4gDa1T40akdlw==}
    engines: {node: '>=18'}
    cpu: [x64]
    os: [sunos]

  '@esbuild/win32-arm64@0.28.0':
    resolution: {integrity: sha512-Q9StnDmQ/enxnpxCCLSg0oo4+34B9TdXpuyPeTedN/6+iXBJ4J+zwfQI28u/Jl40nOYAxGoNi7mFP40RUtkmUA==}
    engines: {node: '>=18'}
    cpu: [arm64]
    os: [win32]

  '@esbuild/win32-ia32@0.28.0':
    resolution: {integrity: sha512-zF3ag/gfiCe6U2iczcRzSYJKH1DCI+ByzSENHlM2FcDbEeo5Zd2C86Aq0tKUYAJJ1obRP84ymxIAksZUcdztHA==}
    engines: {node: '>=18'}
    cpu: [ia32]
    os: [win32]

  '@esbuild/win32-x64@0.28.0':
    resolution: {integrity: sha512-pEl1bO9mfAmIC+tW5btTmrKaujg3zGtUmWNdCw/xs70FBjwAL3o9OEKNHvNmnyylD6ubxUERiEhdsL0xBQ9efw==}
    engines: {node: '>=18'}
    cpu: [x64]
    os: [win32]

  '@faker-js/faker@10.4.0':
    resolution: {integrity: sha512-sDBWI3yLy8EcDzgobvJTWq1MJYzAkQdpjXuPukga9wXonhpMRvd1Izuo2Qgwey2OiEoRIBr35RMU9HJRoOHzpw==}
    engines: {node: ^20.19.0 || ^22.13.0 || ^23.5.0 || >=24.0.0, npm: '>=10'}

  '@lenml/tokenizer-claude@3.7.2':
    resolution: {integrity: sha512-1e5R8F5dBT6dY7zPFanZfrcS7rAHtdcv6r7jDAIvsBXvhkWXuWsASNoOV27LHUJYpXm4bgM8tXq4e/FpO+ecbg==}

  '@lenml/tokenizer-gemini@3.7.2':
    resolution: {integrity: sha512-sdSfXqjGSZWRHtf4toMcjzpBm/tOPPAtUQ5arTx4neQ2nzHUtJQJyHkoiB9KRyEfvVjW6WtQU+WbvU9glsFT2g==}

  '@lenml/tokenizer-gemma3@3.7.2':
    resolution: {integrity: sha512-C2fNaCBbgpEW9FUgF/M0tLnY82CrXu36zaOWAGCsyP70O1piAUcjF20oe0xCgddPKrwLnk6TgOK1EN7aAgdYSg==}

  '@lenml/tokenizer-llama3_2@3.7.2':
    resolution: {integrity: sha512-HDYjmq/eNRy2RSAy54dHSyob7D90emr0gOj+PYJvHb39Qz/ZOTVPYIsKVXf6KNKxE4vhlpM6SA1mraJyicmEcQ==}

  '@lenml/tokenizer-qwen3@3.7.2':
    resolution: {integrity: sha512-5rqQ7FyKhoWNbgzaqEM+3fOi/7LUEEPeIxgATi/Dzga61ByBla3VvYUy20ZiOrjjl/kq0SHXzU4a8/HZ1Y3m7A==}

  '@lenml/tokenizers@3.7.2':
    resolution: {integrity: sha512-tuap9T7Q80Czor8NHzxjlLNvxEX8MgFINzsBTV+lq1v7G+78YR3ZvBhmLsPHtgqExB4Q4kCJH6dhXOYWSLdHLw==}

  '@nodable/entities@2.1.0':
    resolution: {integrity: sha512-nyT7T3nbMyBI/lvr6L5TyWbFJAI9FTgVRakNoBqCD+PmID8DzFrrNdLLtHMwMszOtqZa8PAOV24ZqDnQrhQINA==}

  '@opentelemetry/api@1.9.1':
    resolution: {integrity: sha512-gLyJlPHPZYdAk1JENA9LeHejZe1Ti77/pTeFm/nMXmQH/HFZlcS/O2XJB+L8fkbrNSqhdtlvjBVjxwUYanNH5Q==}
    engines: {node: '>=8.0.0'}

  '@standard-schema/spec@1.1.0':
    resolution: {integrity: sha512-l2aFy5jALhniG5HgqrD6jXLi/rUWrKvqN/qJx6yoJsgKhblVd+iqqU4RCXavm/jPityDo5TCvKMnpjKnOriy0w==}

  '@toon-format/toon@2.3.0':
    resolution: {integrity: sha512-/Ew9etdRQKVMnm9fDaCG0JjyAOK/O7T0M97oum1aW4W+UR8ZhVVPBanIV7oWgHBiGlnVxV9M55PWQCHofDV07w==}

  '@types/node@18.19.130':
    resolution: {integrity: sha512-GRaXQx6jGfL8sKfaIDD6OupbIHBr9jv7Jnaml9tB7l4v068PAOXqfcujMMo5PhbIs6ggR1XODELqahT2R8v0fg==}

  '@vercel/oidc@3.2.0':
    resolution: {integrity: sha512-UycprH3T6n3jH0k44NHMa7pnFHGu/N05MjojYr+Mc6I7obkoLIJujSWwin1pCvdy/eOxrI/l3uDLQsmcrOb4ug==}
    engines: {node: '>= 20'}

  ai@6.0.191:
    resolution: {integrity: sha512-zAxvjKebQE7YkSyyNIl0OM7i6/zygnKeF+yNUjD4nWOelYrG+LpDd6RnH6mjySI4zUpZ7o4wbnmAy8jc6u98vQ==}
    engines: {node: '>=18'}
    peerDependencies:
      zod: ^3.25.76 || ^4.1.8

  anymatch@3.1.3:
    resolution: {integrity: sha512-KMReFUr0B4t+D+OBkjR3KYqvocp2XaSzO55UcB6mgQMd3KbcE+mWTyvVV7D/zsdEbNnV6acZUutkiHQXvTr1Rw==}
    engines: {node: '>= 8'}

  chokidar@5.0.0:
    resolution: {integrity: sha512-TQMmc3w+5AxjpL8iIiwebF73dRDF4fBIieAqGn9RGCWaEVwQ6Fb2cGe31Yns0RRIzii5goJ1Y7xbMwo1TxMplw==}
    engines: {node: '>= 20.19.0'}

  cookie-es@1.2.3:
    resolution: {integrity: sha512-lXVyvUvrNXblMqzIRrxHb57UUVmqsSWlxqt3XIjCkUP0wDAf6uicO6KMbEgYrMNtEvWgWHwe42CKxPu9MYAnWw==}

  crossws@0.3.5:
    resolution: {integrity: sha512-ojKiDvcmByhwa8YYqbQI/hg7MEU0NC03+pSdEq4ZUnZR9xXpwk7E43SMNGkn+JxJGPFtNvQ48+vV2p+P1ml5PA==}

  csv-parse@5.6.0:
    resolution: {integrity: sha512-l3nz3euub2QMg5ouu5U09Ew9Wf6/wQ8I++ch1loQ0ljmzhmfZYrH9fflS22i/PQEvsPvxCwxgz5q7UB8K1JO4Q==}

  csv-stringify@6.7.0:
    resolution: {integrity: sha512-UdtziYp5HuTz7e5j8Nvq+a/3HQo+2/aJZ9xntNTpmRRIg/3YYqDVgiS9fvAhtNbnyfbv2ZBe0bqCHqzhE7FqWQ==}

  defu@6.1.7:
    resolution: {integrity: sha512-7z22QmUWiQ/2d0KkdYmANbRUVABpZ9SNYyH5vx6PZ+nE5bcC0l7uFvEfHlyld/HcGBFTL536ClDt3DEcSlEJAQ==}

  destr@2.0.5:
    resolution: {integrity: sha512-ugFTXCtDZunbzasqBxrK93Ik/DRYsO6S/fedkWEMKqt04xZ4csmnmwGDBAb07QWNaGMAmnTIemsYZCksjATwsA==}

  esbuild@0.28.0:
    resolution: {integrity: sha512-sNR9MHpXSUV/XB4zmsFKN+QgVG82Cc7+/aaxJ8Adi8hyOac+EXptIp45QBPaVyX3N70664wRbTcLTOemCAnyqw==}
    engines: {node: '>=18'}
    hasBin: true

  eventemitter3@5.0.4:
    resolution: {integrity: sha512-mlsTRyGaPBjPedk6Bvw+aqbsXDtoAyAzm5MO7JgU+yVRyMQ5O8bD4Kcci7BS85f93veegeCPkL8R4GLClnjLFw==}

  eventsource-parser@3.0.8:
    resolution: {integrity: sha512-70QWGkr4snxr0OXLRWsFLeRBIRPuQOvt4s8QYjmUlmlkyTZkRqS7EDVRZtzU3TiyDbXSzaOeF0XUKy8PchzukQ==}
    engines: {node: '>=18.0.0'}

  fast-string-truncated-width@3.0.3:
    resolution: {integrity: sha512-0jjjIEL6+0jag3l2XWWizO64/aZVtpiGE3t0Zgqxv0DPuxiMjvB3M24fCyhZUO4KomJQPj3LTSUnDP3GpdwC0g==}

  fast-string-width@3.0.2:
    resolution: {integrity: sha512-gX8LrtNEI5hq8DVUfRQMbr5lpaS4nMIWV+7XEbXk2b8kiQIizgnlr12B4dA3ZEx3308ze0O4Q1R+cHts8kyUJg==}

  fast-wrap-ansi@0.2.2:
    resolution: {integrity: sha512-7F2Fl+TjRSenLqlU3UjSH0iyqopqoZIu7eZVpEirP2g1GtWa2G/ecEmBdgz31+Mxr+ELclgg6sokpSFIQiZ02Q==}

  fast-xml-builder@1.2.0:
    resolution: {integrity: sha512-00aAWieqff+ZJhsXA4g1g7M8k+7AYoMUUHF+/zFb5U6Uv/P0Vl4QZo84/IcufzYalLuEj9928bXN9PbbFzMF0Q==}

  fast-xml-parser@5.8.0:
    resolution: {integrity: sha512-6bIM7fsJxeo3uXv7OncQYsBAMPJ7V16Slahl/6M98C/i2q+vB1+4a0MtrvYwDFEUrwDSbAmeLDRXsOBwrL7yAg==}
    hasBin: true

  fsevents@2.3.3:
    resolution: {integrity: sha512-5xoDfX+fL7faATnagmWPpbFtwh/R77WmMMqqHGS65C3vvB0YHrgF+B1YmZ3441tMj5n63k0212XNoJwzlhffQw==}
    engines: {node: ^8.16.0 || ^10.6.0 || >=11.0.0}
    os: [darwin]

  gpt-tokenizer@3.4.0:
    resolution: {integrity: sha512-wxFLnhIXTDjYebd9A9pGl3e31ZpSypbpIJSOswbgop5jLte/AsZVDvjlbEuVFlsqZixVKqbcoNmRlFDf6pz/UQ==}

  h3@1.15.11:
    resolution: {integrity: sha512-L3THSe2MPeBwgIZVSH5zLdBBU90TOxarvhK9d04IDY2AmVS8j2Jz2LIWtwsGOU3lu2I5jCN7FNvVfY2+XyF+mg==}

  iron-webcrypto@1.2.1:
    resolution: {integrity: sha512-feOM6FaSr6rEABp/eDfVseKyTMDt+KGpeB35SkVn9Tyn0CqvVsY3EwI0v5i8nMHyJnzCIQf7nsy3p41TPkJZhg==}

  json-schema@0.4.0:
    resolution: {integrity: sha512-es94M3nTIfsEPisRafak+HDLfHXnKBhV3vU5eqPcS3flIWqcxJWgXHXiey3YrpaNsanY5ei1VoYEbOzijuq9BA==}

  loon-core@1.0.1:
    resolution: {integrity: sha512-8Da1EpZIf891bsBtOKnwNt5TmUWGMdTFOKRt4ci/tROyPDtGCyJLp8o81ES4/vDfPiVIvZ8ImQB7m37LBrVq7g==}
    engines: {node: '>=16'}

  lru-cache@11.5.0:
    resolution: {integrity: sha512-5YgH9UJd7wVb9hIouI2adWpgqrrICkt070Dnj8EUY1+B4B2P9eRLPAkAAo6NICA7CEhOIeBHl46u9zSNpNu7zA==}
    engines: {node: 20 || >=22}

  node-fetch-native@1.6.7:
    resolution: {integrity: sha512-g9yhqoedzIUm0nTnTqAQvueMPVOuIY16bqgAJJC8XOOubYFNwz6IER9qs0Gq2Xd0+CecCKFjtdDTMA4u4xG06Q==}

  node-mock-http@1.0.4:
    resolution: {integrity: sha512-8DY+kFsDkNXy1sJglUfuODx1/opAGJGyrTuFqEoN90oRc2Vk0ZbD4K2qmKXBBEhZQzdKHIVfEJpDU8Ak2NJEvQ==}

  normalize-path@3.0.0:
    resolution: {integrity: sha512-6eZs5Ls3WtCisHWp9S2GUy8dqkpGi4BVSz3GaqiE6ezub0512ESztXUwUB6C6IKbQkY2Pnb/mD4WYojCRwcwLA==}
    engines: {node: '>=0.10.0'}

  ofetch@1.5.1:
    resolution: {integrity: sha512-2W4oUZlVaqAPAil6FUg/difl6YhqhUR7x2eZY4bQCko22UXg3hptq9KLQdqFClV+Wu85UX7hNtdGTngi/1BxcA==}

  p-map@7.0.4:
    resolution: {integrity: sha512-tkAQEw8ysMzmkhgw8k+1U/iPhWNhykKnSk4Rd5zLoPJCuJaGRPo6YposrZgaxHKzDHdDWWZvE/Sk7hsL2X/CpQ==}
    engines: {node: '>=18'}

  p-queue@9.3.0:
    resolution: {integrity: sha512-7NED7xhQ74Ngp4JP/2e0VZHp7vSWfJfqeiR92jPgxsz6m0Se4P03YoTKa9dDXyZ3r6P616gUXttrB6nnHYKang==}
    engines: {node: '>=20'}

  p-timeout@7.0.1:
    resolution: {integrity: sha512-AxTM2wDGORHGEkPCt8yqxOTMgpfbEHqF51f/5fJCmwFC3C/zNcGT63SymH2ttOAaiIws2zVg4+izQCjrakcwHg==}
    engines: {node: '>=20'}

  path-expression-matcher@1.5.0:
    resolution: {integrity: sha512-cbrerZV+6rvdQrrD+iGMcZFEiiSrbv9Tfdkvnusy6y0x0GKBXREFg/Y65GhIfm0tnLntThhzCnfKwp1WRjeCyQ==}
    engines: {node: '>=14.0.0'}

  picomatch@2.3.2:
    resolution: {integrity: sha512-V7+vQEJ06Z+c5tSye8S+nHUfI51xoXIXjHQ99cQtKUkQqqO1kO/KCJUfZXuB47h/YBlDhah2H3hdUGXn8ie0oA==}
    engines: {node: '>=8.6'}

  radix3@1.1.2:
    resolution: {integrity: sha512-b484I/7b8rDEdSDKckSSBA8knMpcdsXudlE/LNL639wFoHKwLbEkQFZHWEYwDC0wa0FKUcCY+GAF73Z7wxNVFA==}

  readdirp@5.0.0:
    resolution: {integrity: sha512-9u/XQ1pvrQtYyMpZe7DXKv2p5CNvyVwzUB6uhLAnQwHMSgKMBR62lc7AHljaeteeHXn11XTAaLLUVZYVZyuRBQ==}
    engines: {node: '>= 20.19.0'}

  sisteransi@1.0.5:
    resolution: {integrity: sha512-bLGGlR1QxBcynn2d5YmDX4MGjlZvy2MRBDRNHLJ8VI6l6+9FUiyTFNJ0IveOSP0bcXgVDPRcfGqA0pjaqUpfVg==}

  strnum@2.3.0:
    resolution: {integrity: sha512-ums3KNd42PGyx5xaoVTO1mjU1bH3NpY4vsrVlnv9PNGqQj8wd7rJ6nEypLrJ7z5vxK5RP0yMLo6J/Gsm62DI5Q==}

  tiktoken@1.0.22:
    resolution: {integrity: sha512-PKvy1rVF1RibfF3JlXBSP0Jrcw2uq3yXdgcEXtKTYn3QJ/cBRBHDnrJ5jHky+MENZ6DIPwNUGWpkVx+7joCpNA==}

  tsx@4.22.3:
    resolution: {integrity: sha512-mdoNxBC/cSQObGGVQ5Bpn5i+yv7j68gk3Nfm3wFjcJg3Z0Mix9jzAFfP12prmm5eVGmDKtp0yyArrs0Q+8gZHg==}
    engines: {node: '>=18.0.0'}
    hasBin: true

  ufo@1.6.4:
    resolution: {integrity: sha512-JFNbkD1Svwe0KvGi8GOeLcP4kAWQ609twvCdcHxq1oSL8svv39ZuSvajcD8B+5D0eL4+s1Is2D/O6KN3qcTeRA==}

  uncrypto@0.1.3:
    resolution: {integrity: sha512-Ql87qFHB3s/De2ClA9e0gsnS6zXG27SkTiSJwjCc9MebbfapQfuPzumMIUMi38ezPZVNFcHI9sUIepeQfw8J8Q==}

  undici-types@5.26.5:
    resolution: {integrity: sha512-JlCMO+ehdEIKqlFxk6IfVoAUVmgz7cU7zD/h9XZ0qzeosSHmUJVOzSQvvYSYWXkFXC+IfLKSIffhv0sVZup6pA==}

  unstorage@1.17.5:
    resolution: {integrity: sha512-0i3iqvRfx29hkNntHyQvJTpf5W9dQ9ZadSoRU8+xVlhVtT7jAX57fazYO9EHvcRCfBCyi5YRya7XCDOsbTgkPg==}
    peerDependencies:
      '@azure/app-configuration': ^1.8.0
      '@azure/cosmos': ^4.2.0
      '@azure/data-tables': ^13.3.0
      '@azure/identity': ^4.6.0
      '@azure/keyvault-secrets': ^4.9.0
      '@azure/storage-blob': ^12.26.0
      '@capacitor/preferences': ^6 || ^7 || ^8
      '@deno/kv': '>=0.9.0'
      '@netlify/blobs': ^6.5.0 || ^7.0.0 || ^8.1.0 || ^9.0.0 || ^10.0.0
      '@planetscale/database': ^1.19.0
      '@upstash/redis': ^1.34.3
      '@vercel/blob': '>=0.27.1'
      '@vercel/functions': ^2.2.12 || ^3.0.0
      '@vercel/kv': ^1 || ^2 || ^3
      aws4fetch: ^1.0.20
      db0: '>=0.2.1'
      idb-keyval: ^6.2.1
      ioredis: ^5.4.2
      uploadthing: ^7.4.4
    peerDependenciesMeta:
      '@azure/app-configuration':
        optional: true
      '@azure/cosmos':
        optional: true
      '@azure/data-tables':
        optional: true
      '@azure/identity':
        optional: true
      '@azure/keyvault-secrets':
        optional: true
      '@azure/storage-blob':
        optional: true
      '@capacitor/preferences':
        optional: true
      '@deno/kv':
        optional: true
      '@netlify/blobs':
        optional: true
      '@planetscale/database':
        optional: true
      '@upstash/redis':
        optional: true
      '@vercel/blob':
        optional: true
      '@vercel/functions':
        optional: true
      '@vercel/kv':
        optional: true
      aws4fetch:
        optional: true
      db0:
        optional: true
      idb-keyval:
        optional: true
      ioredis:
        optional: true
      uploadthing:
        optional: true

  xml-naming@0.1.0:
    resolution: {integrity: sha512-k8KO9hrMyNk6tUWqUfkTEZbezRRpONVOzUTnc97VnCvyj6Tf9lyUR9EDAIeiVLv56jsMcoXEwjW8Kv5yPY52lw==}
    engines: {node: '>=16.0.0'}

  yaml@2.9.0:
    resolution: {integrity: sha512-2AvhNX3mb8zd6Zy7INTtSpl1F15HW6Wnqj0srWlkKLcpYl/gMIMJiyuGq2KeI2YFxUPjdlB+3Lc10seMLtL4cA==}
    engines: {node: '>= 14.6'}
    hasBin: true

  zod@4.4.3:
    resolution: {integrity: sha512-ytENFjIJFl2UwYglde2jchW2Hwm4GJFLDiSXWdTrJQBIN9Fcyp7n4DhxJEiWNAJMV1/BqWfW/kkg71UDcHJyTQ==}

snapshots:

  '@ai-sdk/anthropic@3.0.79(zod@4.4.3)':
    dependencies:
      '@ai-sdk/provider': 3.0.10
      '@ai-sdk/provider-utils': 4.0.27(zod@4.4.3)
      zod: 4.4.3

  '@ai-sdk/gateway@3.0.120(zod@4.4.3)':
    dependencies:
      '@ai-sdk/provider': 3.0.10
      '@ai-sdk/provider-utils': 4.0.27(zod@4.4.3)
      '@vercel/oidc': 3.2.0
      zod: 4.4.3

  '@ai-sdk/google@3.0.79(zod@4.4.3)':
    dependencies:
      '@ai-sdk/provider': 3.0.10
      '@ai-sdk/provider-utils': 4.0.27(zod@4.4.3)
      zod: 4.4.3

  '@ai-sdk/openai-compatible@2.0.48(zod@4.4.3)':
    dependencies:
      '@ai-sdk/provider': 3.0.10
      '@ai-sdk/provider-utils': 4.0.27(zod@4.4.3)
      zod: 4.4.3

  '@ai-sdk/openai@3.0.65(zod@4.4.3)':
    dependencies:
      '@ai-sdk/provider': 3.0.10
      '@ai-sdk/provider-utils': 4.0.27(zod@4.4.3)
      zod: 4.4.3

  '@ai-sdk/provider-utils@4.0.27(zod@4.4.3)':
    dependencies:
      '@ai-sdk/provider': 3.0.10
      '@standard-schema/spec': 1.1.0
      eventsource-parser: 3.0.8
      zod: 4.4.3

  '@ai-sdk/provider@3.0.10':
    dependencies:
      json-schema: 0.4.0

  '@ai-sdk/xai@3.0.92(zod@4.4.3)':
    dependencies:
      '@ai-sdk/openai-compatible': 2.0.48(zod@4.4.3)
      '@ai-sdk/provider': 3.0.10
      '@ai-sdk/provider-utils': 4.0.27(zod@4.4.3)
      zod: 4.4.3

  '@anthropic-ai/tokenizer@0.0.4':
    dependencies:
      '@types/node': 18.19.130
      tiktoken: 1.0.22

  '@clack/core@1.3.1':
    dependencies:
      fast-wrap-ansi: 0.2.2
      sisteransi: 1.0.5

  '@clack/prompts@1.4.0':
    dependencies:
      '@clack/core': 1.3.1
      fast-string-width: 3.0.2
      fast-wrap-ansi: 0.2.2
      sisteransi: 1.0.5

  '@esbuild/aix-ppc64@0.28.0':
    optional: true

  '@esbuild/android-arm64@0.28.0':
    optional: true

  '@esbuild/android-arm@0.28.0':
    optional: true

  '@esbuild/android-x64@0.28.0':
    optional: true

  '@esbuild/darwin-arm64@0.28.0':
    optional: true

  '@esbuild/darwin-x64@0.28.0':
    optional: true

  '@esbuild/freebsd-arm64@0.28.0':
    optional: true

  '@esbuild/freebsd-x64@0.28.0':
    optional: true

  '@esbuild/linux-arm64@0.28.0':
    optional: true

  '@esbuild/linux-arm@0.28.0':
    optional: true

  '@esbuild/linux-ia32@0.28.0':
    optional: true

  '@esbuild/linux-loong64@0.28.0':
    optional: true

  '@esbuild/linux-mips64el@0.28.0':
    optional: true

  '@esbuild/linux-ppc64@0.28.0':
    optional: true

  '@esbuild/linux-riscv64@0.28.0':
    optional: true

  '@esbuild/linux-s390x@0.28.0':
    optional: true

  '@esbuild/linux-x64@0.28.0':
    optional: true

  '@esbuild/netbsd-arm64@0.28.0':
    optional: true

  '@esbuild/netbsd-x64@0.28.0':
    optional: true

  '@esbuild/openbsd-arm64@0.28.0':
    optional: true

  '@esbuild/openbsd-x64@0.28.0':
    optional: true

  '@esbuild/openharmony-arm64@0.28.0':
    optional: true

  '@esbuild/sunos-x64@0.28.0':
    optional: true

  '@esbuild/win32-arm64@0.28.0':
    optional: true

  '@esbuild/win32-ia32@0.28.0':
    optional: true

  '@esbuild/win32-x64@0.28.0':
    optional: true

  '@faker-js/faker@10.4.0': {}

  '@lenml/tokenizer-claude@3.7.2':
    dependencies:
      '@lenml/tokenizers': 3.7.2

  '@lenml/tokenizer-gemini@3.7.2':
    dependencies:
      '@lenml/tokenizers': 3.7.2

  '@lenml/tokenizer-gemma3@3.7.2':
    dependencies:
      '@lenml/tokenizers': 3.7.2

  '@lenml/tokenizer-llama3_2@3.7.2':
    dependencies:
      '@lenml/tokenizers': 3.7.2

  '@lenml/tokenizer-qwen3@3.7.2':
    dependencies:
      '@lenml/tokenizers': 3.7.2

  '@lenml/tokenizers@3.7.2': {}

  '@nodable/entities@2.1.0': {}

  '@opentelemetry/api@1.9.1': {}

  '@standard-schema/spec@1.1.0': {}

  '@toon-format/toon@2.3.0': {}

  '@types/node@18.19.130':
    dependencies:
      undici-types: 5.26.5

  '@vercel/oidc@3.2.0': {}

  ai@6.0.191(zod@4.4.3):
    dependencies:
      '@ai-sdk/gateway': 3.0.120(zod@4.4.3)
      '@ai-sdk/provider': 3.0.10
      '@ai-sdk/provider-utils': 4.0.27(zod@4.4.3)
      '@opentelemetry/api': 1.9.1
      zod: 4.4.3

  anymatch@3.1.3:
    dependencies:
      normalize-path: 3.0.0
      picomatch: 2.3.2

  chokidar@5.0.0:
    dependencies:
      readdirp: 5.0.0

  cookie-es@1.2.3: {}

  crossws@0.3.5:
    dependencies:
      uncrypto: 0.1.3

  csv-parse@5.6.0: {}

  csv-stringify@6.7.0: {}

  defu@6.1.7: {}

  destr@2.0.5: {}

  esbuild@0.28.0:
    optionalDependencies:
      '@esbuild/aix-ppc64': 0.28.0
      '@esbuild/android-arm': 0.28.0
      '@esbuild/android-arm64': 0.28.0
      '@esbuild/android-x64': 0.28.0
      '@esbuild/darwin-arm64': 0.28.0
      '@esbuild/darwin-x64': 0.28.0
      '@esbuild/freebsd-arm64': 0.28.0
      '@esbuild/freebsd-x64': 0.28.0
      '@esbuild/linux-arm': 0.28.0
      '@esbuild/linux-arm64': 0.28.0
      '@esbuild/linux-ia32': 0.28.0
      '@esbuild/linux-loong64': 0.28.0
      '@esbuild/linux-mips64el': 0.28.0
      '@esbuild/linux-ppc64': 0.28.0
      '@esbuild/linux-riscv64': 0.28.0
      '@esbuild/linux-s390x': 0.28.0
      '@esbuild/linux-x64': 0.28.0
      '@esbuild/netbsd-arm64': 0.28.0
      '@esbuild/netbsd-x64': 0.28.0
      '@esbuild/openbsd-arm64': 0.28.0
      '@esbuild/openbsd-x64': 0.28.0
      '@esbuild/openharmony-arm64': 0.28.0
      '@esbuild/sunos-x64': 0.28.0
      '@esbuild/win32-arm64': 0.28.0
      '@esbuild/win32-ia32': 0.28.0
      '@esbuild/win32-x64': 0.28.0

  eventemitter3@5.0.4: {}

  eventsource-parser@3.0.8: {}

  fast-string-truncated-width@3.0.3: {}

  fast-string-width@3.0.2:
    dependencies:
      fast-string-truncated-width: 3.0.3

  fast-wrap-ansi@0.2.2:
    dependencies:
      fast-string-width: 3.0.2

  fast-xml-builder@1.2.0:
    dependencies:
      path-expression-matcher: 1.5.0
      xml-naming: 0.1.0

  fast-xml-parser@5.8.0:
    dependencies:
      '@nodable/entities': 2.1.0
      fast-xml-builder: 1.2.0
      path-expression-matcher: 1.5.0
      strnum: 2.3.0
      xml-naming: 0.1.0

  fsevents@2.3.3:
    optional: true

  gpt-tokenizer@3.4.0: {}

  h3@1.15.11:
    dependencies:
      cookie-es: 1.2.3
      crossws: 0.3.5
      defu: 6.1.7
      destr: 2.0.5
      iron-webcrypto: 1.2.1
      node-mock-http: 1.0.4
      radix3: 1.1.2
      ufo: 1.6.4
      uncrypto: 0.1.3

  iron-webcrypto@1.2.1: {}

  json-schema@0.4.0: {}

  loon-core@1.0.1:
    dependencies:
      fast-xml-parser: 5.8.0
      gpt-tokenizer: 3.4.0
      yaml: 2.9.0

  lru-cache@11.5.0: {}

  node-fetch-native@1.6.7: {}

  node-mock-http@1.0.4: {}

  normalize-path@3.0.0: {}

  ofetch@1.5.1:
    dependencies:
      destr: 2.0.5
      node-fetch-native: 1.6.7
      ufo: 1.6.4

  p-map@7.0.4: {}

  p-queue@9.3.0:
    dependencies:
      eventemitter3: 5.0.4
      p-timeout: 7.0.1

  p-timeout@7.0.1: {}

  path-expression-matcher@1.5.0: {}

  picomatch@2.3.2: {}

  radix3@1.1.2: {}

  readdirp@5.0.0: {}

  sisteransi@1.0.5: {}

  strnum@2.3.0: {}

  tiktoken@1.0.22: {}

  tsx@4.22.3:
    dependencies:
      esbuild: 0.28.0
    optionalDependencies:
      fsevents: 2.3.3

  ufo@1.6.4: {}

  uncrypto@0.1.3: {}

  undici-types@5.26.5: {}

  unstorage@1.17.5:
    dependencies:
      anymatch: 3.1.3
      chokidar: 5.0.0
      destr: 2.0.5
      h3: 1.15.11
      lru-cache: 11.5.0
      node-fetch-native: 1.6.7
      ofetch: 1.5.1
      ufo: 1.6.4

  xml-naming@0.1.0: {}

  yaml@2.9.0: {}

  zod@4.4.3: {}
